
Microsoft Visual Studio Solution File, Format Version 12.00
# Visual Studio Version 16
VisualStudioVersion = 16.0.30804.86
MinimumVisualStudioVersion = 10.0.40219.1
Project("{FAE04EC0-301F-11D3-BF4B-00C04F79EFBC}") = "homework", "homework\homework.csproj", "{5CBD40CF-BBDF-4795-BD3E-FEB00A14D878}"
EndProject
Global
	GlobalSection(SolutionConfigurationPlatforms) = preSolution
		Debug|Any CPU = Debug|Any CPU
		Release|Any CPU = Release|Any CPU
	EndGlobalSection
	GlobalSection(ProjectConfigurationPlatforms) = postSolution
		{5CBD40CF-BBDF-4795-BD3E-FEB00A14D878}.Debug|Any CPU.ActiveCfg = Debug|Any CPU
		{5CBD40CF-BBDF-4795-BD3E-FEB00A14D878}.Debug|Any CPU.Build.0 = Debug|Any CPU
		{5CBD40CF-BBDF-4795-BD3E-FEB00A14D878}.Release|Any CPU.ActiveCfg = Release|Any CPU
		{5CBD40CF-BBDF-4795-BD3E-FEB00A14D878}.Release|Any CPU.Build.0 = Release|Any CPU
	EndGlobalSection
	GlobalSection(SolutionProperties) = preSolution
		HideSolutionNode = FALSE
	EndGlobalSection
	GlobalSection(ExtensibilityGlobals) = postSolution
		SolutionGuid = {0427DDB8-ED3B-44D0-ABD9-866EF1C17C61}
	EndGlobalSection
EndGlobal
